PODS:
  - ObjectMapper (3.5.1)
  - RxCocoa (5.0.1):
    - RxRelay (~> 5)
    - RxSwift (~> 5)
  - RxRelay (5.0.1):
    - RxSwift (~> 5)
  - RxSwift (5.0.1)
  - SnapKit (5.0.1)
  - SwiftyJSON (5.0.0)

DEPENDENCIES:
  - ObjectMapper (~> 3.5.1)
  - RxCocoa (~> 5.0.1)
  - RxSwift (~> 5.0.1)
  - SnapKit (~> 5.0.0)
  - SwiftyJSON (~> 5.0.0)

SPEC REPOS:
  https://github.com/CocoaPods/Specs:
    - ObjectMapper
    - SnapKit
    - SwiftyJSON
  trunk:
    - RxCocoa
    - RxRelay
    - RxSwift

SPEC CHECKSUMS:
  ObjectMapper: 70187b8941977c62ccfb423caf6b50be405cabf0
  RxCocoa: e741b9749968e8a143e2b787f1dfbff2b63d0a5c
  RxRelay: 89d54507f4fd4d969e6ec1d4bd7f3673640b4640
  RxSwift: e2dc62b366a3adf6a0be44ba9f405efd4c94e0c4
  SnapKit: 97b92857e3df3a0c71833cce143274bf6ef8e5eb
  SwiftyJSON: 36413e04c44ee145039d332b4f4e2d3e8d6c4db7

PODFILE CHECKSUM: 5e9927c91035499e5742aa77c68ed01695d52529

COCOAPODS: 1.8.4
