// !$*UTF8*$!
{
	archiveVersion = 1;
	classes = {
	};
	objectVersion = 50;
	objects = {

/* Begin PBXBuildFile section */
		E4920F042386C17700D4F0C0 /* AppDelegate.swift in Sources */ = {isa = PBXBuildFile; fileRef = E4920F032386C17700D4F0C0 /* AppDelegate.swift */; };
		E4920F062386C17700D4F0C0 /* SceneDelegate.swift in Sources */ = {isa = PBXBuildFile; fileRef = E4920F052386C17700D4F0C0 /* SceneDelegate.swift */; };
		E4920F082386C17700D4F0C0 /* ViewController.swift in Sources */ = {isa = PBXBuildFile; fileRef = E4920F072386C17700D4F0C0 /* ViewController.swift */; };
		E4920F0B2386C17700D4F0C0 /* Main.storyboard in Resources */ = {isa = PBXBuildFile; fileRef = E4920F092386C17700D4F0C0 /* Main.storyboard */; };
		E4920F0D2386C17900D4F0C0 /* Assets.xcassets in Resources */ = {isa = PBXBuildFile; fileRef = E4920F0C2386C17900D4F0C0 /* Assets.xcassets */; };
		E4920F102386C17900D4F0C0 /* LaunchScreen.storyboard in Resources */ = {isa = PBXBuildFile; fileRef = E4920F0E2386C17900D4F0C0 /* LaunchScreen.storyboard */; };
		E4920F1B2386C17900D4F0C0 /* feel_englishTests.swift in Sources */ = {isa = PBXBuildFile; fileRef = E4920F1A2386C17900D4F0C0 /* feel_englishTests.swift */; };
		E4920F262386C17900D4F0C0 /* feel_englishUITests.swift in Sources */ = {isa = PBXBuildFile; fileRef = E4920F252386C17900D4F0C0 /* feel_englishUITests.swift */; };
/* End PBXBuildFile section */

/* Begin PBXContainerItemProxy section */
		E4920F172386C17900D4F0C0 /* PBXContainerItemProxy */ = {
			isa = PBXContainerItemProxy;
			containerPortal = E4920EF82386C17700D4F0C0 /* Project object */;
			proxyType = 1;
			remoteGlobalIDString = E4920EFF2386C17700D4F0C0;
			remoteInfo = feel_english;
		};
		E4920F222386C17900D4F0C0 /* PBXContainerItemProxy */ = {
			isa = PBXContainerItemProxy;
			containerPortal = E4920EF82386C17700D4F0C0 /* Project object */;
			proxyType = 1;
			remoteGlobalIDString = E4920EFF2386C17700D4F0C0;
			remoteInfo = feel_english;
		};
/* End PBXContainerItemProxy section */

/* Begin PBXFileReference section */
		E4920F002386C17700D4F0C0 /* feel_english.app */ = {isa = PBXFileReference; explicitFileType = wrapper.application; includeInIndex = 0; path = feel_english.app; sourceTree = BUILT_PRODUCTS_DIR; };
		E4920F032386C17700D4F0C0 /* AppDelegate.swift */ = {isa = PBXFileReference; lastKnownFileType = sourcecode.swift; path = AppDelegate.swift; sourceTree = "<group>"; };
		E4920F052386C17700D4F0C0 /* SceneDelegate.swift */ = {isa = PBXFileReference; lastKnownFileType = sourcecode.swift; path = SceneDelegate.swift; sourceTree = "<group>"; };
		E4920F072386C17700D4F0C0 /* ViewController.swift */ = {isa = PBXFileReference; lastKnownFileType = sourcecode.swift; path = ViewController.swift; sourceTree = "<group>"; };
		E4920F0A2386C17700D4F0C0 /* Base */ = {isa = PBXFileReference; lastKnownFileType = file.storyboard; name = Base; path = Base.lproj/Main.storyboard; sourceTree = "<group>"; };
		E4920F0C2386C17900D4F0C0 /* Assets.xcassets */ = {isa = PBXFileReference; lastKnownFileType = folder.assetcatalog; path = Assets.xcassets; sourceTree = "<group>"; };
		E4920F0F2386C17900D4F0C0 /* Base */ = {isa = PBXFileReference; lastKnownFileType = file.storyboard; name = Base; path = Base.lproj/LaunchScreen.storyboard; sourceTree = "<group>"; };
		E4920F112386C17900D4F0C0 /* Info.plist */ = {isa = PBXFileReference; lastKnownFileType = text.plist.xml; path = Info.plist; sourceTree = "<group>"; };
		E4920F162386C17900D4F0C0 /* feel_englishTests.xctest */ = {isa = PBXFileReference; explicitFileType = wrapper.cfbundle; includeInIndex = 0; path = feel_englishTests.xctest; sourceTree = BUILT_PRODUCTS_DIR; };
		E4920F1A2386C17900D4F0C0 /* feel_englishTests.swift */ = {isa = PBXFileReference; lastKnownFileType = sourcecode.swift; path = feel_englishTests.swift; sourceTree = "<group>"; };
		E4920F1C2386C17900D4F0C0 /* Info.plist */ = {isa = PBXFileReference; lastKnownFileType = text.plist.xml; path = Info.plist; sourceTree = "<group>"; };
		E4920F212386C17900D4F0C0 /* feel_englishUITests.xctest */ = {isa = PBXFileReference; explicitFileType = wrapper.cfbundle; includeInIndex = 0; path = feel_englishUITests.xctest; sourceTree = BUILT_PRODUCTS_DIR; };
		E4920F252386C17900D4F0C0 /* feel_englishUITests.swift */ = {isa = PBXFileReference; lastKnownFileType = sourcecode.swift; path = feel_englishUITests.swift; sourceTree = "<group>"; };
		E4920F272386C17900D4F0C0 /* Info.plist */ = {isa = PBXFileReference; lastKnownFileType = text.plist.xml; path = Info.plist; sourceTree = "<group>"; };
/* End PBXFileReference section */

/* Begin PBXFrameworksBuildPhase section */
		E4920EFD2386C17700D4F0C0 /* Frameworks */ = {
			isa = PBXFrameworksBuildPhase;
			buildActionMask = 2147483647;
			files = (
			);
			runOnlyForDeploymentPostprocessing = 0;
		};
		E4920F132386C17900D4F0C0 /* Frameworks */ = {
			isa = PBXFrameworksBuildPhase;
			buildActionMask = 2147483647;
			files = (
			);
			runOnlyForDeploymentPostprocessing = 0;
		};
		E4920F1E2386C17900D4F0C0 /* Frameworks */ = {
			isa = PBXFrameworksBuildPhase;
			buildActionMask = 2147483647;
			files = (
			);
			runOnlyForDeploymentPostprocessing = 0;
		};
/* End PBXFrameworksBuildPhase section */

/* Begin PBXGroup section */
		E4920EF72386C17700D4F0C0 = {
			isa = PBXGroup;
			children = (
				E4920F022386C17700D4F0C0 /* feel_english */,
				E4920F192386C17900D4F0C0 /* feel_englishTests */,
				E4920F242386C17900D4F0C0 /* feel_englishUITests */,
				E4920F012386C17700D4F0C0 /* Products */,
			);
			sourceTree = "<group>";
		};
		E4920F012386C17700D4F0C0 /* Products */ = {
			isa = PBXGroup;
			children = (
				E4920F002386C17700D4F0C0 /* feel_english.app */,
				E4920F162386C17900D4F0C0 /* feel_englishTests.xctest */,
				E4920F212386C17900D4F0C0 /* feel_englishUITests.xctest */,
			);
			name = Products;
			sourceTree = "<group>";
		};
		E4920F022386C17700D4F0C0 /* feel_english */ = {
			isa = PBXGroup;
			children = (
				E4920F032386C17700D4F0C0 /* AppDelegate.swift */,
				E4920F052386C17700D4F0C0 /* SceneDelegate.swift */,
				E4920F072386C17700D4F0C0 /* ViewController.swift */,
				E4920F092386C17700D4F0C0 /* Main.storyboard */,
				E4920F0C2386C17900D4F0C0 /* Assets.xcassets */,
				E4920F0E2386C17900D4F0C0 /* LaunchScreen.storyboard */,
				E4920F112386C17900D4F0C0 /* Info.plist */,
			);
			path = feel_english;
			sourceTree = "<group>";
		};
		E4920F192386C17900D4F0C0 /* feel_englishTests */ = {
			isa = PBXGroup;
			children = (
				E4920F1A2386C17900D4F0C0 /* feel_englishTests.swift */,
				E4920F1C2386C17900D4F0C0 /* Info.plist */,
			);
			path = feel_englishTests;
			sourceTree = "<group>";
		};
		E4920F242386C17900D4F0C0 /* feel_englishUITests */ = {
			isa = PBXGroup;
			children = (
				E4920F252386C17900D4F0C0 /* feel_englishUITests.swift */,
				E4920F272386C17900D4F0C0 /* Info.plist */,
			);
			path = feel_englishUITests;
			sourceTree = "<group>";
		};
/* End PBXGroup section */

/* Begin PBXNativeTarget section */
		E4920EFF2386C17700D4F0C0 /* feel_english */ = {
			isa = PBXNativeTarget;
			buildConfigurationList = E4920F2A2386C17900D4F0C0 /* Build configuration list for PBXNativeTarget "feel_english" */;
			buildPhases = (
				E4920EFC2386C17700D4F0C0 /* Sources */,
				E4920EFD2386C17700D4F0C0 /* Frameworks */,
				E4920EFE2386C17700D4F0C0 /* Resources */,
			);
			buildRules = (
			);
			dependencies = (
			);
			name = feel_english;
			productName = feel_english;
			productReference = E4920F002386C17700D4F0C0 /* feel_english.app */;
			productType = "com.apple.product-type.application";
		};
		E4920F152386C17900D4F0C0 /* feel_englishTests */ = {
			isa = PBXNativeTarget;
			buildConfigurationList = E4920F2D2386C17900D4F0C0 /* Build configuration list for PBXNativeTarget "feel_englishTests" */;
			buildPhases = (
				E4920F122386C17900D4F0C0 /* Sources */,
				E4920F132386C17900D4F0C0 /* Frameworks */,
				E4920F142386C17900D4F0C0 /* Resources */,
			);
			buildRules = (
			);
			dependencies = (
				E4920F182386C17900D4F0C0 /* PBXTargetDependency */,
			);
			name = feel_englishTests;
			productName = feel_englishTests;
			productReference = E4920F162386C17900D4F0C0 /* feel_englishTests.xctest */;
			productType = "com.apple.product-type.bundle.unit-test";
		};
		E4920F202386C17900D4F0C0 /* feel_englishUITests */ = {
			isa = PBXNativeTarget;
			buildConfigurationList = E4920F302386C17900D4F0C0 /* Build configuration list for PBXNativeTarget "feel_englishUITests" */;
			buildPhases = (
				E4920F1D2386C17900D4F0C0 /* Sources */,
				E4920F1E2386C17900D4F0C0 /* Frameworks */,
				E4920F1F2386C17900D4F0C0 /* Resources */,
			);
			buildRules = (
			);
			dependencies = (
				E4920F232386C17900D4F0C0 /* PBXTargetDependency */,
			);
			name = feel_englishUITests;
			productName = feel_englishUITests;
			productReference = E4920F212386C17900D4F0C0 /* feel_englishUITests.xctest */;
			productType = "com.apple.product-type.bundle.ui-testing";
		};
/* End PBXNativeTarget section */

/* Begin PBXProject section */
		E4920EF82386C17700D4F0C0 /* Project object */ = {
			isa = PBXProject;
			attributes = {
				LastSwiftUpdateCheck = 1120;
				LastUpgradeCheck = 1120;
				ORGANIZATIONNAME = deepfeel;
				TargetAttributes = {
					E4920EFF2386C17700D4F0C0 = {
						CreatedOnToolsVersion = 11.2.1;
					};
					E4920F152386C17900D4F0C0 = {
						CreatedOnToolsVersion = 11.2.1;
						TestTargetID = E4920EFF2386C17700D4F0C0;
					};
					E4920F202386C17900D4F0C0 = {
						CreatedOnToolsVersion = 11.2.1;
						TestTargetID = E4920EFF2386C17700D4F0C0;
					};
				};
			};
			buildConfigurationList = E4920EFB2386C17700D4F0C0 /* Build configuration list for PBXProject "feel_english" */;
			compatibilityVersion = "Xcode 9.3";
			developmentRegion = en;
			hasScannedForEncodings = 0;
			knownRegions = (
				en,
				Base,
			);
			mainGroup = E4920EF72386C17700D4F0C0;
			productRefGroup = E4920F012386C17700D4F0C0 /* Products */;
			projectDirPath = "";
			projectRoot = "";
			targets = (
				E4920EFF2386C17700D4F0C0 /* feel_english */,
				E4920F152386C17900D4F0C0 /* feel_englishTests */,
				E4920F202386C17900D4F0C0 /* feel_englishUITests */,
			);
		};
/* End PBXProject section */

/* Begin PBXResourcesBuildPhase section */
		E4920EFE2386C17700D4F0C0 /* Resources */ = {
			isa = PBXResourcesBuildPhase;
			buildActionMask = 2147483647;
			files = (
				E4920F102386C17900D4F0C0 /* LaunchScreen.storyboard in Resources */,
				E4920F0D2386C17900D4F0C0 /* Assets.xcassets in Resources */,
				E4920F0B2386C17700D4F0C0 /* Main.storyboard in Resources */,
			);
			runOnlyForDeploymentPostprocessing = 0;
		};
		E4920F142386C17900D4F0C0 /* Resources */ = {
			isa = PBXResourcesBuildPhase;
			buildActionMask = 2147483647;
			files = (
			);
			runOnlyForDeploymentPostprocessing = 0;
		};
		E4920F1F2386C17900D4F0C0 /* Resources */ = {
			isa = PBXResourcesBuildPhase;
			buildActionMask = 2147483647;
			files = (
			);
			runOnlyForDeploymentPostprocessing = 0;
		};
/* End PBXResourcesBuildPhase section */

/* Begin PBXSourcesBuildPhase section */
		E4920EFC2386C17700D4F0C0 /* Sources */ = {
			isa = PBXSourcesBuildPhase;
			buildActionMask = 2147483647;
			files = (
				E4920F082386C17700D4F0C0 /* ViewController.swift in Sources */,
				E4920F042386C17700D4F0C0 /* AppDelegate.swift in Sources */,
				E4920F062386C17700D4F0C0 /* SceneDelegate.swift in Sources */,
			);
			runOnlyForDeploymentPostprocessing = 0;
		};
		E4920F122386C17900D4F0C0 /* Sources */ = {
			isa = PBXSourcesBuildPhase;
			buildActionMask = 2147483647;
			files = (
				E4920F1B2386C17900D4F0C0 /* feel_englishTests.swift in Sources */,
			);
			runOnlyForDeploymentPostprocessing = 0;
		};
		E4920F1D2386C17900D4F0C0 /* Sources */ = {
			isa = PBXSourcesBuildPhase;
			buildActionMask = 2147483647;
			files = (
				E4920F262386C17900D4F0C0 /* feel_englishUITests.swift in Sources */,
			);
			runOnlyForDeploymentPostprocessing = 0;
		};
/* End PBXSourcesBuildPhase section */

/* Begin PBXTargetDependency section */
		E4920F182386C17900D4F0C0 /* PBXTargetDependency */ = {
			isa = PBXTargetDependency;
			target = E4920EFF2386C17700D4F0C0 /* feel_english */;
			targetProxy = E4920F172386C17900D4F0C0 /* PBXContainerItemProxy */;
		};
		E4920F232386C17900D4F0C0 /* PBXTargetDependency */ = {
			isa = PBXTargetDependency;
			target = E4920EFF2386C17700D4F0C0 /* feel_english */;
			targetProxy = E4920F222386C17900D4F0C0 /* PBXContainerItemProxy */;
		};
/* End PBXTargetDependency section */

/* Begin PBXVariantGroup section */
		E4920F092386C17700D4F0C0 /* Main.storyboard */ = {
			isa = PBXVariantGroup;
			children = (
				E4920F0A2386C17700D4F0C0 /* Base */,
			);
			name = Main.storyboard;
			sourceTree = "<group>";
		};
		E4920F0E2386C17900D4F0C0 /* LaunchScreen.storyboard */ = {
			isa = PBXVariantGroup;
			children = (
				E4920F0F2386C17900D4F0C0 /* Base */,
			);
			name = LaunchScreen.storyboard;
			sourceTree = "<group>";
		};
/* End PBXVariantGroup section */

/* Begin XCBuildConfiguration section */
		E4920F282386C17900D4F0C0 /* Debug */ = {
			isa = XCBuildConfiguration;
			buildSettings = {
				ALWAYS_SEARCH_USER_PATHS = NO;
				CLANG_ANALYZER_NONNULL = YES;
				CLANG_ANALYZER_NUMBER_OBJECT_CONVERSION = YES_AGGRESSIVE;
				CLANG_CXX_LANGUAGE_STANDARD = "gnu++14";
				CLANG_CXX_LIBRARY = "libc++";
				CLANG_ENABLE_MODULES = YES;
				CLANG_ENABLE_OBJC_ARC = YES;
				CLANG_ENABLE_OBJC_WEAK = YES;
				CLANG_WARN_BLOCK_CAPTURE_AUTORELEASING = YES;
				CLANG_WARN_BOOL_CONVERSION = YES;
				CLANG_WARN_COMMA = YES;
				CLANG_WARN_CONSTANT_CONVERSION = YES;
				CLANG_WARN_DEPRECATED_OBJC_IMPLEMENTATIONS = YES;
				CLANG_WARN_DIRECT_OBJC_ISA_USAGE = YES_ERROR;
				CLANG_WARN_DOCUMENTATION_COMMENTS = YES;
				CLANG_WARN_EMPTY_BODY = YES;
				CLANG_WARN_ENUM_CONVERSION = YES;
				CLANG_WARN_INFINITE_RECURSION = YES;
				CLANG_WARN_INT_CONVERSION = YES;
				CLANG_WARN_NON_LITERAL_NULL_CONVERSION = YES;
				CLANG_WARN_OBJC_IMPLICIT_RETAIN_SELF = YES;
				CLANG_WARN_OBJC_LITERAL_CONVERSION = YES;
				CLANG_WARN_OBJC_ROOT_CLASS = YES_ERROR;
				CLANG_WARN_RANGE_LOOP_ANALYSIS = YES;
				CLANG_WARN_STRICT_PROTOTYPES = YES;
				CLANG_WARN_SUSPICIOUS_MOVE = YES;
				CLANG_WARN_UNGUARDED_AVAILABILITY = YES_AGGRESSIVE;
				CLANG_WARN_UNREACHABLE_CODE = YES;
				CLANG_WARN__DUPLICATE_METHOD_MATCH = YES;
				COPY_PHASE_STRIP = NO;
				DEBUG_INFORMATION_FORMAT = dwarf;
				ENABLE_STRICT_OBJC_MSGSEND = YES;
				ENABLE_TESTABILITY = YES;
				GCC_C_LANGUAGE_STANDARD = gnu11;
				GCC_DYNAMIC_NO_PIC = NO;
				GCC_NO_COMMON_BLOCKS = YES;
				GCC_OPTIMIZATION_LEVEL = 0;
				GCC_PREPROCESSOR_DEFINITIONS = (
					"DEBUG=1",
					"$(inherited)",
				);
				GCC_WARN_64_TO_32_BIT_CONVERSION = YES;
				GCC_WARN_ABOUT_RETURN_TYPE = YES_ERROR;
				GCC_WARN_UNDECLARED_SELECTOR = YES;
				GCC_WARN_UNINITIALIZED_AUTOS = YES_AGGRESSIVE;
				GCC_WARN_UNUSED_FUNCTION = YES;
				GCC_WARN_UNUSED_VARIABLE = YES;
				IPHONEOS_DEPLOYMENT_TARGET = 12.0;
				MTL_ENABLE_DEBUG_INFO = INCLUDE_SOURCE;
				MTL_FAST_MATH = YES;
				ONLY_ACTIVE_ARCH = YES;
				SDKROOT = iphoneos;
				SWIFT_ACTIVE_COMPILATION_CONDITIONS = DEBUG;
				SWIFT_OPTIMIZATION_LEVEL = "-Onone";
			};
			name = Debug;
		};
		E4920F292386C17900D4F0C0 /* Release */ = {
			isa = XCBuildConfiguration;
			buildSettings = {
				ALWAYS_SEARCH_USER_PATHS = NO;
				CLANG_ANALYZER_NONNULL = YES;
				CLANG_ANALYZER_NUMBER_OBJECT_CONVERSION = YES_AGGRESSIVE;
				CLANG_CXX_LANGUAGE_STANDARD = "gnu++14";
				CLANG_CXX_LIBRARY = "libc++";
				CLANG_ENABLE_MODULES = YES;
				CLANG_ENABLE_OBJC_ARC = YES;
				CLANG_ENABLE_OBJC_WEAK = YES;
				CLANG_WARN_BLOCK_CAPTURE_AUTORELEASING = YES;
				CLANG_WARN_BOOL_CONVERSION = YES;
				CLANG_WARN_COMMA = YES;
				CLANG_WARN_CONSTANT_CONVERSION = YES;
				CLANG_WARN_DEPRECATED_OBJC_IMPLEMENTATIONS = YES;
				CLANG_WARN_DIRECT_OBJC_ISA_USAGE = YES_ERROR;
				CLANG_WARN_DOCUMENTATION_COMMENTS = YES;
				CLANG_WARN_EMPTY_BODY = YES;
				CLANG_WARN_ENUM_CONVERSION = YES;
				CLANG_WARN_INFINITE_RECURSION = YES;
				CLANG_WARN_INT_CONVERSION = YES;
				CLANG_WARN_NON_LITERAL_NULL_CONVERSION = YES;
				CLANG_WARN_OBJC_IMPLICIT_RETAIN_SELF = YES;
				CLANG_WARN_OBJC_LITERAL_CONVERSION = YES;
				CLANG_WARN_OBJC_ROOT_CLASS = YES_ERROR;
				CLANG_WARN_RANGE_LOOP_ANALYSIS = YES;
				CLANG_WARN_STRICT_PROTOTYPES = YES;
				CLANG_WARN_SUSPICIOUS_MOVE = YES;
				CLANG_WARN_UNGUARDED_AVAILABILITY = YES_AGGRESSIVE;
				CLANG_WARN_UNREACHABLE_CODE = YES;
				CLANG_WARN__DUPLICATE_METHOD_MATCH = YES;
				COPY_PHASE_STRIP = NO;
				DEBUG_INFORMATION_FORMAT = "dwarf-with-dsym";
				ENABLE_NS_ASSERTIONS = NO;
				ENABLE_STRICT_OBJC_MSGSEND = YES;
				GCC_C_LANGUAGE_STANDARD = gnu11;
				GCC_NO_COMMON_BLOCKS = YES;
				GCC_WARN_64_TO_32_BIT_CONVERSION = YES;
				GCC_WARN_ABOUT_RETURN_TYPE = YES_ERROR;
				GCC_WARN_UNDECLARED_SELECTOR = YES;
				GCC_WARN_UNINITIALIZED_AUTOS = YES_AGGRESSIVE;
				GCC_WARN_UNUSED_FUNCTION = YES;
				GCC_WARN_UNUSED_VARIABLE = YES;
				IPHONEOS_DEPLOYMENT_TARGET = 12.0;
				MTL_ENABLE_DEBUG_INFO = NO;
				MTL_FAST_MATH = YES;
				SDKROOT = iphoneos;
				SWIFT_COMPILATION_MODE = wholemodule;
				SWIFT_OPTIMIZATION_LEVEL = "-O";
				VALIDATE_PRODUCT = YES;
			};
			name = Release;
		};
		E4920F2B2386C17900D4F0C0 /* Debug */ = {
			isa = XCBuildConfiguration;
			buildSettings = {
				ASSETCATALOG_COMPILER_APPICON_NAME = AppIcon;
				CODE_SIGN_STYLE = Automatic;
				DEVELOPMENT_TEAM = J6MT3A2DY9;
				INFOPLIST_FILE = feel_english/Info.plist;
				LD_RUNPATH_SEARCH_PATHS = (
					"$(inherited)",
					"@executable_path/Frameworks",
				);
				PRODUCT_BUNDLE_IDENTIFIER = "ai.deepfeel.feel-english";
				PRODUCT_NAME = "$(TARGET_NAME)";
				SWIFT_VERSION = 5.0;
				TARGETED_DEVICE_FAMILY = 1;
			};
			name = Debug;
		};
		E4920F2C2386C17900D4F0C0 /* Release */ = {
			isa = XCBuildConfiguration;
			buildSettings = {
				ASSETCATALOG_COMPILER_APPICON_NAME = AppIcon;
				CODE_SIGN_STYLE = Automatic;
				DEVELOPMENT_TEAM = J6MT3A2DY9;
				INFOPLIST_FILE = feel_english/Info.plist;
				LD_RUNPATH_SEARCH_PATHS = (
					"$(inherited)",
					"@executable_path/Frameworks",
				);
				PRODUCT_BUNDLE_IDENTIFIER = "ai.deepfeel.feel-english";
				PRODUCT_NAME = "$(TARGET_NAME)";
				SWIFT_VERSION = 5.0;
				TARGETED_DEVICE_FAMILY = 1;
			};
			name = Release;
		};
		E4920F2E2386C17900D4F0C0 /* Debug */ = {
			isa = XCBuildConfiguration;
			buildSettings = {
				ALWAYS_EMBED_SWIFT_STANDARD_LIBRARIES = YES;
				BUNDLE_LOADER = "$(TEST_HOST)";
				CODE_SIGN_STYLE = Automatic;
				DEVELOPMENT_TEAM = J6MT3A2DY9;
				INFOPLIST_FILE = feel_englishTests/Info.plist;
				IPHONEOS_DEPLOYMENT_TARGET = 13.2;
				LD_RUNPATH_SEARCH_PATHS = (
					"$(inherited)",
					"@executable_path/Frameworks",
					"@loader_path/Frameworks",
				);
				PRODUCT_BUNDLE_IDENTIFIER = "ai.deepfeel.feel-englishTests";
				PRODUCT_NAME = "$(TARGET_NAME)";
				SWIFT_VERSION = 5.0;
				TARGETED_DEVICE_FAMILY = "1,2";
				TEST_HOST = "$(BUILT_PRODUCTS_DIR)/feel_english.app/feel_english";
			};
			name = Debug;
		};
		E4920F2F2386C17900D4F0C0 /* Release */ = {
			isa = XCBuildConfiguration;
			buildSettings = {
				ALWAYS_EMBED_SWIFT_STANDARD_LIBRARIES = YES;
				BUNDLE_LOADER = "$(TEST_HOST)";
				CODE_SIGN_STYLE = Automatic;
				DEVELOPMENT_TEAM = J6MT3A2DY9;
				INFOPLIST_FILE = feel_englishTests/Info.plist;
				IPHONEOS_DEPLOYMENT_TARGET = 13.2;
				LD_RUNPATH_SEARCH_PATHS = (
					"$(inherited)",
					"@executable_path/Frameworks",
					"@loader_path/Frameworks",
				);
				PRODUCT_BUNDLE_IDENTIFIER = "ai.deepfeel.feel-englishTests";
				PRODUCT_NAME = "$(TARGET_NAME)";
				SWIFT_VERSION = 5.0;
				TARGETED_DEVICE_FAMILY = "1,2";
				TEST_HOST = "$(BUILT_PRODUCTS_DIR)/feel_english.app/feel_english";
			};
			name = Release;
		};
		E4920F312386C17900D4F0C0 /* Debug */ = {
			isa = XCBuildConfiguration;
			buildSettings = {
				ALWAYS_EMBED_SWIFT_STANDARD_LIBRARIES = YES;
				CODE_SIGN_STYLE = Automatic;
				DEVELOPMENT_TEAM = J6MT3A2DY9;
				INFOPLIST_FILE = feel_englishUITests/Info.plist;
				LD_RUNPATH_SEARCH_PATHS = (
					"$(inherited)",
					"@executable_path/Frameworks",
					"@loader_path/Frameworks",
				);
				PRODUCT_BUNDLE_IDENTIFIER = "ai.deepfeel.feel-englishUITests";
				PRODUCT_NAME = "$(TARGET_NAME)";
				SWIFT_VERSION = 5.0;
				TARGETED_DEVICE_FAMILY = "1,2";
				TEST_TARGET_NAME = feel_english;
			};
			name = Debug;
		};
		E4920F322386C17900D4F0C0 /* Release */ = {
			isa = XCBuildConfiguration;
			buildSettings = {
				ALWAYS_EMBED_SWIFT_STANDARD_LIBRARIES = YES;
				CODE_SIGN_STYLE = Automatic;
				DEVELOPMENT_TEAM = J6MT3A2DY9;
				INFOPLIST_FILE = feel_englishUITests/Info.plist;
				LD_RUNPATH_SEARCH_PATHS = (
					"$(inherited)",
					"@executable_path/Frameworks",
					"@loader_path/Frameworks",
				);
				PRODUCT_BUNDLE_IDENTIFIER = "ai.deepfeel.feel-englishUITests";
				PRODUCT_NAME = "$(TARGET_NAME)";
				SWIFT_VERSION = 5.0;
				TARGETED_DEVICE_FAMILY = "1,2";
				TEST_TARGET_NAME = feel_english;
			};
			name = Release;
		};
/* End XCBuildConfiguration section */

/* Begin XCConfigurationList section */
		E4920EFB2386C17700D4F0C0 /* Build configuration list for PBXProject "feel_english" */ = {
			isa = XCConfigurationList;
			buildConfigurations = (
				E4920F282386C17900D4F0C0 /* Debug */,
				E4920F292386C17900D4F0C0 /* Release */,
			);
			defaultConfigurationIsVisible = 0;
			defaultConfigurationName = Release;
		};
		E4920F2A2386C17900D4F0C0 /* Build configuration list for PBXNativeTarget "feel_english" */ = {
			isa = XCConfigurationList;
			buildConfigurations = (
				E4920F2B2386C17900D4F0C0 /* Debug */,
				E4920F2C2386C17900D4F0C0 /* Release */,
			);
			defaultConfigurationIsVisible = 0;
			defaultConfigurationName = Release;
		};
		E4920F2D2386C17900D4F0C0 /* Build configuration list for PBXNativeTarget "feel_englishTests" */ = {
			isa = XCConfigurationList;
			buildConfigurations = (
				E4920F2E2386C17900D4F0C0 /* Debug */,
				E4920F2F2386C17900D4F0C0 /* Release */,
			);
			defaultConfigurationIsVisible = 0;
			defaultConfigurationName = Release;
		};
		E4920F302386C17900D4F0C0 /* Build configuration list for PBXNativeTarget "feel_englishUITests" */ = {
			isa = XCConfigurationList;
			buildConfigurations = (
				E4920F312386C17900D4F0C0 /* Debug */,
				E4920F322386C17900D4F0C0 /* Release */,
			);
			defaultConfigurationIsVisible = 0;
			defaultConfigurationName = Release;
		};
/* End XCConfigurationList section */
	};
	rootObject = E4920EF82386C17700D4F0C0 /* Project object */;
}
